
Microsoft Visual Studio Solution File, Format Version 12.00
# Visual Studio Version 17
VisualStudioVersion = 17.7.34221.43
MinimumVisualStudioVersion = 10.0.40219.1
Project("{FAE04EC0-301F-11D3-BF4B-00C04F79EFBC}") = "backend-hdv", "backend-hdv\backend-hdv.csproj", "{CEB9641A-6179-4550-B7E1-DC7C34806720}"
EndProject
Global
	GlobalSection(SolutionConfigurationPlatforms) = preSolution
		Debug|Any CPU = Debug|Any CPU
		Release|Any CPU = Release|Any CPU
	EndGlobalSection
	GlobalSection(ProjectConfigurationPlatforms) = postSolution
		{CEB9641A-6179-4550-B7E1-DC7C34806720}.Debug|Any CPU.ActiveCfg = Debug|Any CPU
		{CEB9641A-6179-4550-B7E1-DC7C34806720}.Debug|Any CPU.Build.0 = Debug|Any CPU
		{CEB9641A-6179-4550-B7E1-DC7C34806720}.Release|Any CPU.ActiveCfg = Release|Any CPU
		{CEB9641A-6179-4550-B7E1-DC7C34806720}.Release|Any CPU.Build.0 = Release|Any CPU
	EndGlobalSection
	GlobalSection(SolutionProperties) = preSolution
		HideSolutionNode = FALSE
	EndGlobalSection
	GlobalSection(ExtensibilityGlobals) = postSolution
		SolutionGuid = {4AF8F9AD-EA9D-481B-AEA9-7EC3EE3CDE91}
	EndGlobalSection
EndGlobal
